// !$*UTF8*$!
{
	archiveVersion = 1;
	classes = {
	};
	objectVersion = 46;
	objects = {

/* Begin PBXBuildFile section */
		6C2A7F421DA66F1D0070BE7F /* AppDelegate.swift in Sources */ = {isa = PBXBuildFile; fileRef = 6C2A7F411DA66F1D0070BE7F /* AppDelegate.swift */; };
		6C2A7F441DA66F1D0070BE7F /* ViewController.swift in Sources */ = {isa = PBXBuildFile; fileRef = 6C2A7F431DA66F1D0070BE7F /* ViewController.swift */; };
		6C2A7F471DA66F1D0070BE7F /* Main.storyboard in Resources */ = {isa = PBXBuildFile; fileRef = 6C2A7F451DA66F1D0070BE7F /* Main.storyboard */; };
		6C2A7F4A1DA66F1D0070BE7F /* AlamofireTest.xcdatamodeld in Sources */ = {isa = PBXBuildFile; fileRef = 6C2A7F481DA66F1D0070BE7F /* AlamofireTest.xcdatamodeld */; };
		6C2A7F4C1DA66F1D0070BE7F /* Assets.xcassets in Resources */ = {isa = PBXBuildFile; fileRef = 6C2A7F4B1DA66F1D0070BE7F /* Assets.xcassets */; };
		6C2A7F4F1DA66F1D0070BE7F /* LaunchScreen.storyboard in Resources */ = {isa = PBXBuildFile; fileRef = 6C2A7F4D1DA66F1D0070BE7F /* LaunchScreen.storyboard */; };
		6C9EEFFC1DA695DC00629FC5 /* Cartfile in Resources */ = {isa = PBXBuildFile; fileRef = 6C9EEFFB1DA695DC00629FC5 /* Cartfile */; };
		6C9EF0001DA6A5F500629FC5 /* Alamofire.framework in Frameworks */ = {isa = PBXBuildFile; fileRef = 6C9EEFFE1DA6A5F500629FC5 /* Alamofire.framework */; };
		6C9EF0011DA6A5F500629FC5 /* SwiftyJSON.framework in Frameworks */ = {isa = PBXBuildFile; fileRef = 6C9EEFFF1DA6A5F500629FC5 /* SwiftyJSON.framework */; };
/* End PBXBuildFile section */

/* Begin PBXFileReference section */
		6C2A7F3E1DA66F1D0070BE7F /* AlamofireTest.app */ = {isa = PBXFileReference; explicitFileType = wrapper.application; includeInIndex = 0; path = AlamofireTest.app; sourceTree = BUILT_PRODUCTS_DIR; };
		6C2A7F411DA66F1D0070BE7F /* AppDelegate.swift */ = {isa = PBXFileReference; lastKnownFileType = sourcecode.swift; path = AppDelegate.swift; sourceTree = "<group>"; };
		6C2A7F431DA66F1D0070BE7F /* ViewController.swift */ = {isa = PBXFileReference; lastKnownFileType = sourcecode.swift; path = ViewController.swift; sourceTree = "<group>"; };
		6C2A7F461DA66F1D0070BE7F /* Base */ = {isa = PBXFileReference; lastKnownFileType = file.storyboard; name = Base; path = Base.lproj/Main.storyboard; sourceTree = "<group>"; };
		6C2A7F491DA66F1D0070BE7F /* AlamofireTest.xcdatamodel */ = {isa = PBXFileReference; lastKnownFileType = wrapper.xcdatamodel; path = AlamofireTest.xcdatamodel; sourceTree = "<group>"; };
		6C2A7F4B1DA66F1D0070BE7F /* Assets.xcassets */ = {isa = PBXFileReference; lastKnownFileType = folder.assetcatalog; path = Assets.xcassets; sourceTree = "<group>"; };
		6C2A7F4E1DA66F1D0070BE7F /* Base */ = {isa = PBXFileReference; lastKnownFileType = file.storyboard; name = Base; path = Base.lproj/LaunchScreen.storyboard; sourceTree = "<group>"; };
		6C2A7F501DA66F1D0070BE7F /* Info.plist */ = {isa = PBXFileReference; lastKnownFileType = text.plist.xml; path = Info.plist; sourceTree = "<group>"; };
		6C9EEFFB1DA695DC00629FC5 /* Cartfile */ = {isa = PBXFileReference; fileEncoding = 4; lastKnownFileType = text; path = Cartfile; sourceTree = SOURCE_ROOT; };
		6C9EEFFE1DA6A5F500629FC5 /* Alamofire.framework */ = {isa = PBXFileReference; lastKnownFileType = wrapper.framework; name = Alamofire.framework; path = Carthage/Build/iOS/Alamofire.framework; sourceTree = "<group>"; };
		6C9EEFFF1DA6A5F500629FC5 /* SwiftyJSON.framework */ = {isa = PBXFileReference; lastKnownFileType = wrapper.framework; name = SwiftyJSON.framework; path = Carthage/Build/iOS/SwiftyJSON.framework; sourceTree = "<group>"; };
/* End PBXFileReference section */

/* Begin PBXFrameworksBuildPhase section */
		6C2A7F3B1DA66F1D0070BE7F /* Frameworks */ = {
			isa = PBXFrameworksBuildPhase;
			buildActionMask = 2147483647;
			files = (
				6C9EF0001DA6A5F500629FC5 /* Alamofire.framework in Frameworks */,
				6C9EF0011DA6A5F500629FC5 /* SwiftyJSON.framework in Frameworks */,
			);
			runOnlyForDeploymentPostprocessing = 0;
		};
/* End PBXFrameworksBuildPhase section */

/* Begin PBXGroup section */
		6C2A7F351DA66F1D0070BE7F = {
			isa = PBXGroup;
			children = (
				6C2A7F401DA66F1D0070BE7F /* AlamofireTest */,
				6C2A7F3F1DA66F1D0070BE7F /* Products */,
				6C9EEFFD1DA6A5F400629FC5 /* Frameworks */,
			);
			sourceTree = "<group>";
		};
		6C2A7F3F1DA66F1D0070BE7F /* Products */ = {
			isa = PBXGroup;
			children = (
				6C2A7F3E1DA66F1D0070BE7F /* AlamofireTest.app */,
			);
			name = Products;
			sourceTree = "<group>";
		};
		6C2A7F401DA66F1D0070BE7F /* AlamofireTest */ = {
			isa = PBXGroup;
			children = (
				6C2A7F411DA66F1D0070BE7F /* AppDelegate.swift */,
				6C2A7F431DA66F1D0070BE7F /* ViewController.swift */,
				6C2A7F451DA66F1D0070BE7F /* Main.storyboard */,
				6C2A7F4B1DA66F1D0070BE7F /* Assets.xcassets */,
				6C2A7F4D1DA66F1D0070BE7F /* LaunchScreen.storyboard */,
				6C9EEFFB1DA695DC00629FC5 /* Cartfile */,
				6C2A7F501DA66F1D0070BE7F /* Info.plist */,
				6C2A7F481DA66F1D0070BE7F /* AlamofireTest.xcdatamodeld */,
			);
			path = AlamofireTest;
			sourceTree = "<group>";
		};
		6C9EEFFD1DA6A5F400629FC5 /* Frameworks */ = {
			isa = PBXGroup;
			children = (
				6C9EEFFE1DA6A5F500629FC5 /* Alamofire.framework */,
				6C9EEFFF1DA6A5F500629FC5 /* SwiftyJSON.framework */,
			);
			name = Frameworks;
			sourceTree = "<group>";
		};
/* End PBXGroup section */

/* Begin PBXNativeTarget section */
		6C2A7F3D1DA66F1D0070BE7F /* AlamofireTest */ = {
			isa = PBXNativeTarget;
			buildConfigurationList = 6C2A7F531DA66F1D0070BE7F /* Build configuration list for PBXNativeTarget "AlamofireTest" */;
			buildPhases = (
				6C2A7F3A1DA66F1D0070BE7F /* Sources */,
				6C2A7F3B1DA66F1D0070BE7F /* Frameworks */,
				6C2A7F3C1DA66F1D0070BE7F /* Resources */,
			);
			buildRules = (
			);
			dependencies = (
			);
			name = AlamofireTest;
			productName = AlamofireTest;
			productReference = 6C2A7F3E1DA66F1D0070BE7F /* AlamofireTest.app */;
			productType = "com.apple.product-type.application";
		};
/* End PBXNativeTarget section */

/* Begin PBXProject section */
		6C2A7F361DA66F1D0070BE7F /* Project object */ = {
			isa = PBXProject;
			attributes = {
				LastSwiftUpdateCheck = 0800;
				LastUpgradeCheck = 0800;
				ORGANIZATIONNAME = Mediapark;
				TargetAttributes = {
					6C2A7F3D1DA66F1D0070BE7F = {
						CreatedOnToolsVersion = 8.0;
						ProvisioningStyle = Automatic;
					};
				};
			};
			buildConfigurationList = 6C2A7F391DA66F1D0070BE7F /* Build configuration list for PBXProject "AlamofireTest" */;
			compatibilityVersion = "Xcode 3.2";
			developmentRegion = English;
			hasScannedForEncodings = 0;
			knownRegions = (
				en,
				Base,
			);
			mainGroup = 6C2A7F351DA66F1D0070BE7F;
			productRefGroup = 6C2A7F3F1DA66F1D0070BE7F /* Products */;
			projectDirPath = "";
			projectRoot = "";
			targets = (
				6C2A7F3D1DA66F1D0070BE7F /* AlamofireTest */,
			);
		};
/* End PBXProject section */

/* Begin PBXResourcesBuildPhase section */
		6C2A7F3C1DA66F1D0070BE7F /* Resources */ = {
			isa = PBXResourcesBuildPhase;
			buildActionMask = 2147483647;
			files = (
				6C2A7F4F1DA66F1D0070BE7F /* LaunchScreen.storyboard in Resources */,
				6C2A7F4C1DA66F1D0070BE7F /* Assets.xcassets in Resources */,
				6C9EEFFC1DA695DC00629FC5 /* Cartfile in Resources */,
				6C2A7F471DA66F1D0070BE7F /* Main.storyboard in Resources */,
			);
			runOnlyForDeploymentPostprocessing = 0;
		};
/* End PBXResourcesBuildPhase section */

/* Begin PBXSourcesBuildPhase section */
		6C2A7F3A1DA66F1D0070BE7F /* Sources */ = {
			isa = PBXSourcesBuildPhase;
			buildActionMask = 2147483647;
			files = (
				6C2A7F441DA66F1D0070BE7F /* ViewController.swift in Sources */,
				6C2A7F421DA66F1D0070BE7F /* AppDelegate.swift in Sources */,
				6C2A7F4A1DA66F1D0070BE7F /* AlamofireTest.xcdatamodeld in Sources */,
			);
			runOnlyForDeploymentPostprocessing = 0;
		};
/* End PBXSourcesBuildPhase section */

/* Begin PBXVariantGroup section */
		6C2A7F451DA66F1D0070BE7F /* Main.storyboard */ = {
			isa = PBXVariantGroup;
			children = (
				6C2A7F461DA66F1D0070BE7F /* Base */,
			);
			name = Main.storyboard;
			sourceTree = "<group>";
		};
		6C2A7F4D1DA66F1D0070BE7F /* LaunchScreen.storyboard */ = {
			isa = PBXVariantGroup;
			children = (
				6C2A7F4E1DA66F1D0070BE7F /* Base */,
			);
			name = LaunchScreen.storyboard;
			sourceTree = "<group>";
		};
/* End PBXVariantGroup section */

/* Begin XCBuildConfiguration section */
		6C2A7F511DA66F1D0070BE7F /* Debug */ = {
			isa = XCBuildConfiguration;
			buildSettings = {
				ALWAYS_SEARCH_USER_PATHS = NO;
				CLANG_ANALYZER_NONNULL = YES;
				CLANG_CXX_LANGUAGE_STANDARD = "gnu++0x";
				CLANG_CXX_LIBRARY = "libc++";
				CLANG_ENABLE_MODULES = YES;
				CLANG_ENABLE_OBJC_ARC = YES;
				CLANG_WARN_BOOL_CONVERSION = YES;
				CLANG_WARN_CONSTANT_CONVERSION = YES;
				CLANG_WARN_DIRECT_OBJC_ISA_USAGE = YES_ERROR;
				CLANG_WARN_DOCUMENTATION_COMMENTS = YES;
				CLANG_WARN_EMPTY_BODY = YES;
				CLANG_WARN_ENUM_CONVERSION = YES;
				CLANG_WARN_INFINITE_RECURSION = YES;
				CLANG_WARN_INT_CONVERSION = YES;
				CLANG_WARN_OBJC_ROOT_CLASS = YES_ERROR;
				CLANG_WARN_SUSPICIOUS_MOVES = YES;
				CLANG_WARN_UNREACHABLE_CODE = YES;
				CLANG_WARN__DUPLICATE_METHOD_MATCH = YES;
				"CODE_SIGN_IDENTITY[sdk=iphoneos*]" = "iPhone Developer";
				COPY_PHASE_STRIP = NO;
				DEBUG_INFORMATION_FORMAT = dwarf;
				ENABLE_STRICT_OBJC_MSGSEND = YES;
				ENABLE_TESTABILITY = YES;
				GCC_C_LANGUAGE_STANDARD = gnu99;
				GCC_DYNAMIC_NO_PIC = NO;
				GCC_NO_COMMON_BLOCKS = YES;
				GCC_OPTIMIZATION_LEVEL = 0;
				GCC_PREPROCESSOR_DEFINITIONS = (
					"DEBUG=1",
					"$(inherited)",
				);
				GCC_WARN_64_TO_32_BIT_CONVERSION = YES;
				GCC_WARN_ABOUT_RETURN_TYPE = YES_ERROR;
				GCC_WARN_UNDECLARED_SELECTOR = YES;
				GCC_WARN_UNINITIALIZED_AUTOS = YES_AGGRESSIVE;
				GCC_WARN_UNUSED_FUNCTION = YES;
				GCC_WARN_UNUSED_VARIABLE = YES;
				IPHONEOS_DEPLOYMENT_TARGET = 10.0;
				MTL_ENABLE_DEBUG_INFO = YES;
				ONLY_ACTIVE_ARCH = YES;
				SDKROOT = iphoneos;
				SWIFT_ACTIVE_COMPILATION_CONDITIONS = DEBUG;
				SWIFT_OPTIMIZATION_LEVEL = "-Onone";
				TARGETED_DEVICE_FAMILY = 2;
			};
			name = Debug;
		};
		6C2A7F521DA66F1D0070BE7F /* Release */ = {
			isa = XCBuildConfiguration;
			buildSettings = {
				ALWAYS_SEARCH_USER_PATHS = NO;
				CLANG_ANALYZER_NONNULL = YES;
				CLANG_CXX_LANGUAGE_STANDARD = "gnu++0x";
				CLANG_CXX_LIBRARY = "libc++";
				CLANG_ENABLE_MODULES = YES;
				CLANG_ENABLE_OBJC_ARC = YES;
				CLANG_WARN_BOOL_CONVERSION = YES;
				CLANG_WARN_CONSTANT_CONVERSION = YES;
				CLANG_WARN_DIRECT_OBJC_ISA_USAGE = YES_ERROR;
				CLANG_WARN_DOCUMENTATION_COMMENTS = YES;
				CLANG_WARN_EMPTY_BODY = YES;
				CLANG_WARN_ENUM_CONVERSION = YES;
				CLANG_WARN_INFINITE_RECURSION = YES;
				CLANG_WARN_INT_CONVERSION = YES;
				CLANG_WARN_OBJC_ROOT_CLASS = YES_ERROR;
				CLANG_WARN_SUSPICIOUS_MOVES = YES;
				CLANG_WARN_UNREACHABLE_CODE = YES;
				CLANG_WARN__DUPLICATE_METHOD_MATCH = YES;
				"CODE_SIGN_IDENTITY[sdk=iphoneos*]" = "iPhone Developer";
				COPY_PHASE_STRIP = NO;
				DEBUG_INFORMATION_FORMAT = "dwarf-with-dsym";
				ENABLE_NS_ASSERTIONS = NO;
				ENABLE_STRICT_OBJC_MSGSEND = YES;
				GCC_C_LANGUAGE_STANDARD = gnu99;
				GCC_NO_COMMON_BLOCKS = YES;
				GCC_WARN_64_TO_32_BIT_CONVERSION = YES;
				GCC_WARN_ABOUT_RETURN_TYPE = YES_ERROR;
				GCC_WARN_UNDECLARED_SELECTOR = YES;
				GCC_WARN_UNINITIALIZED_AUTOS = YES_AGGRESSIVE;
				GCC_WARN_UNUSED_FUNCTION = YES;
				GCC_WARN_UNUSED_VARIABLE = YES;
				IPHONEOS_DEPLOYMENT_TARGET = 10.0;
				MTL_ENABLE_DEBUG_INFO = NO;
				SDKROOT = iphoneos;
				SWIFT_OPTIMIZATION_LEVEL = "-Owholemodule";
				TARGETED_DEVICE_FAMILY = 2;
				VALIDATE_PRODUCT = YES;
			};
			name = Release;
		};
		6C2A7F541DA66F1D0070BE7F /* Debug */ = {
			isa = XCBuildConfiguration;
			buildSettings = {
				ASSETCATALOG_COMPILER_APPICON_NAME = AppIcon;
				FRAMEWORK_SEARCH_PATHS = (
					"$(inherited)",
					"$(PROJECT_DIR)/Carthage/Build/iOS",
				);
				INFOPLIST_FILE = AlamofireTest/Info.plist;
				LD_RUNPATH_SEARCH_PATHS = "$(inherited) @executable_path/Frameworks";
				PRODUCT_BUNDLE_IDENTIFIER = lt.mediapark.AlamofireTest;
				PRODUCT_NAME = "$(TARGET_NAME)";
				SWIFT_VERSION = 3.0;
			};
			name = Debug;
		};
		6C2A7F551DA66F1D0070BE7F /* Release */ = {
			isa = XCBuildConfiguration;
			buildSettings = {
				ASSETCATALOG_COMPILER_APPICON_NAME = AppIcon;
				FRAMEWORK_SEARCH_PATHS = (
					"$(inherited)",
					"$(PROJECT_DIR)/Carthage/Build/iOS",
				);
				INFOPLIST_FILE = AlamofireTest/Info.plist;
				LD_RUNPATH_SEARCH_PATHS = "$(inherited) @executable_path/Frameworks";
				PRODUCT_BUNDLE_IDENTIFIER = lt.mediapark.AlamofireTest;
				PRODUCT_NAME = "$(TARGET_NAME)";
				SWIFT_VERSION = 3.0;
			};
			name = Release;
		};
/* End XCBuildConfiguration section */

/* Begin XCConfigurationList section */
		6C2A7F391DA66F1D0070BE7F /* Build configuration list for PBXProject "AlamofireTest" */ = {
			isa = XCConfigurationList;
			buildConfigurations = (
				6C2A7F511DA66F1D0070BE7F /* Debug */,
				6C2A7F521DA66F1D0070BE7F /* Release */,
			);
			defaultConfigurationIsVisible = 0;
			defaultConfigurationName = Release;
		};
		6C2A7F531DA66F1D0070BE7F /* Build configuration list for PBXNativeTarget "AlamofireTest" */ = {
			isa = XCConfigurationList;
			buildConfigurations = (
				6C2A7F541DA66F1D0070BE7F /* Debug */,
				6C2A7F551DA66F1D0070BE7F /* Release */,
			);
			defaultConfigurationIsVisible = 0;
			defaultConfigurationName = Release;
		};
/* End XCConfigurationList section */

/* Begin XCVersionGroup section */
		6C2A7F481DA66F1D0070BE7F /* AlamofireTest.xcdatamodeld */ = {
			isa = XCVersionGroup;
			children = (
				6C2A7F491DA66F1D0070BE7F /* AlamofireTest.xcdatamodel */,
			);
			currentVersion = 6C2A7F491DA66F1D0070BE7F /* AlamofireTest.xcdatamodel */;
			path = AlamofireTest.xcdatamodeld;
			sourceTree = "<group>";
			versionGroupType = wrapper.xcdatamodel;
		};
/* End XCVersionGroup section */
	};
	rootObject = 6C2A7F361DA66F1D0070BE7F /* Project object */;
}
